
Microsoft Visual Studio Solution File, Format Version 12.00
# Visual Studio Version 16
VisualStudioVersion = 16.0.29709.97
MinimumVisualStudioVersion = 10.0.40219.1
Project("{FAE04EC0-301F-11D3-BF4B-00C04F79EFBC}") = "CDIS_Bank", "CDIS_Bank\CDIS_Bank.csproj", "{9BCC2647-89FC-4BA7-89ED-DF1A6DF2C677}"
EndProject
Global
	GlobalSection(SolutionConfigurationPlatforms) = preSolution
		Debug|Any CPU = Debug|Any CPU
		Release|Any CPU = Release|Any CPU
	EndGlobalSection
	GlobalSection(ProjectConfigurationPlatforms) = postSolution
		{9BCC2647-89FC-4BA7-89ED-DF1A6DF2C677}.Debug|Any CPU.ActiveCfg = Debug|Any CPU
		{9BCC2647-89FC-4BA7-89ED-DF1A6DF2C677}.Debug|Any CPU.Build.0 = Debug|Any CPU
		{9BCC2647-89FC-4BA7-89ED-DF1A6DF2C677}.Release|Any CPU.ActiveCfg = Release|Any CPU
		{9BCC2647-89FC-4BA7-89ED-DF1A6DF2C677}.Release|Any CPU.Build.0 = Release|Any CPU
	EndGlobalSection
	GlobalSection(SolutionProperties) = preSolution
		HideSolutionNode = FALSE
	EndGlobalSection
	GlobalSection(ExtensibilityGlobals) = postSolution
		SolutionGuid = {49F7D444-B08E-40FC-8D58-269BEE46B74D}
	EndGlobalSection
EndGlobal
